
Microsoft Visual Studio Solution File, Format Version 12.00
# Visual Studio Version 17
VisualStudioVersion = 17.3.32825.248
MinimumVisualStudioVersion = 10.0.40219.1
Project("{9A19103F-16F7-4668-BE54-9A1E7A4F7556}") = "client", "testclient\client.csproj", "{F0CCC213-30C1-493E-9201-DF70BEB0E744}"
EndProject
Global
	GlobalSection(SolutionConfigurationPlatforms) = preSolution
		Debug|Any CPU = Debug|Any CPU
		Release|Any CPU = Release|Any CPU
	EndGlobalSection
	GlobalSection(ProjectConfigurationPlatforms) = postSolution
		{F0CCC213-30C1-493E-9201-DF70BEB0E744}.Debug|Any CPU.ActiveCfg = Debug|Any CPU
		{F0CCC213-30C1-493E-9201-DF70BEB0E744}.Debug|Any CPU.Build.0 = Debug|Any CPU
		{F0CCC213-30C1-493E-9201-DF70BEB0E744}.Release|Any CPU.ActiveCfg = Release|Any CPU
		{F0CCC213-30C1-493E-9201-DF70BEB0E744}.Release|Any CPU.Build.0 = Release|Any CPU
	EndGlobalSection
	GlobalSection(SolutionProperties) = preSolution
		HideSolutionNode = FALSE
	EndGlobalSection
	GlobalSection(ExtensibilityGlobals) = postSolution
		SolutionGuid = {4408DCCA-880C-49F0-89A7-94C7E3275C86}
	EndGlobalSection
EndGlobal
